
Microsoft Visual Studio Solution File, Format Version 12.00
# Visual Studio 2012
Project("{FAE04EC0-301F-11D3-BF4B-00C04F79EFBC}") = "QuqeLib", "QuqeLib\QuqeLib.csproj", "{1B373E93-67B2-4045-8F5A-94C1C738EA2C}"
EndProject
Project("{FAE04EC0-301F-11D3-BF4B-00C04F79EFBC}") = "QuqeTest", "QuqeTest\QuqeTest.csproj", "{B92A5514-3A0E-48DC-A9B6-51AC0DEB650E}"
EndProject
Project("{2150E333-8FDC-42A3-9474-1A3956D46DE8}") = "Solution Items", "Solution Items", "{1BFDFFB4-1816-4DBB-AC46-8CEC7FA844A8}"
	ProjectSection(SolutionItems) = preProject
		Local.testsettings = Local.testsettings
		Quqe.vsmdi = Quqe.vsmdi
		TraceAndTestImpact.testsettings = TraceAndTestImpact.testsettings
	EndProjectSection
EndProject
Project("{FAE04EC0-301F-11D3-BF4B-00C04F79EFBC}") = "PCW", "..\PCW\PCW\PCW.csproj", "{2BFAD437-7AF7-4F7B-B0FD-8305F6CF3392}"
EndProject
Project("{FAE04EC0-301F-11D3-BF4B-00C04F79EFBC}") = "QuqeViz", "QuqeViz\QuqeViz.csproj", "{70183D8D-BCC0-4438-A7DF-69D2CCB7B06A}"
EndProject
Project("{FAE04EC0-301F-11D3-BF4B-00C04F79EFBC}") = "StockCharts", "StockCharts\StockCharts.csproj", "{3EDD9282-6CEC-404B-B64C-CF24E2D0BD80}"
EndProject
Project("{8BC9CEB8-8B4A-11D0-8D11-00A0C91BC942}") = "QuqeMath", "QuqeMath\QuqeMath.vcxproj", "{810F4084-61D2-44A1-B6D9-532E649F6348}"
EndProject
Project("{2150E333-8FDC-42A3-9474-1A3956D46DE8}") = ".nuget", ".nuget", "{CAE11B0D-CACA-44CD-B050-C312595E2A0B}"
	ProjectSection(SolutionItems) = preProject
		.nuget\NuGet.Config = .nuget\NuGet.Config
		.nuget\NuGet.exe = .nuget\NuGet.exe
		.nuget\NuGet.targets = .nuget\NuGet.targets
	EndProjectSection
EndProject
Project("{FAE04EC0-301F-11D3-BF4B-00C04F79EFBC}") = "TestExe", "TestExe\TestExe.csproj", "{DD7E4ADC-DE54-40FE-A1D6-0815CDA962F2}"
EndProject
Project("{FAE04EC0-301F-11D3-BF4B-00C04F79EFBC}") = "Host", "Host\Host.csproj", "{95675739-7A84-441F-9470-A6EA9224F591}"
EndProject
Project("{FAE04EC0-301F-11D3-BF4B-00C04F79EFBC}") = "HostLib", "HostLib\HostLib.csproj", "{85E99D38-8223-4795-87D2-BE2139993218}"
EndProject
Project("{FAE04EC0-301F-11D3-BF4B-00C04F79EFBC}") = "versace", "versace\versace.csproj", "{B21ED7A0-0FF0-42FB-9ECB-3C1FAFA1E3D5}"
EndProject
Project("{FAE04EC0-301F-11D3-BF4B-00C04F79EFBC}") = "QuqeRabbit", "QuqeRabbit\QuqeRabbit.csproj", "{B0FABC22-4984-47CF-93FF-8E35F25BEA70}"
EndProject
Global
	GlobalSection(TestCaseManagementSettings) = postSolution
		CategoryFile = Quqe.vsmdi
	EndGlobalSection
	GlobalSection(SolutionConfigurationPlatforms) = preSolution
		Debug|Any CPU = Debug|Any CPU
		Debug|Mixed Platforms = Debug|Mixed Platforms
		Debug|Win32 = Debug|Win32
		Debug|x86 = Debug|x86
		DebugNoHost|Any CPU = DebugNoHost|Any CPU
		DebugNoHost|Mixed Platforms = DebugNoHost|Mixed Platforms
		DebugNoHost|Win32 = DebugNoHost|Win32
		DebugNoHost|x86 = DebugNoHost|x86
		Release|Any CPU = Release|Any CPU
		Release|Mixed Platforms = Release|Mixed Platforms
		Release|Win32 = Release|Win32
		Release|x86 = Release|x86
	EndGlobalSection
	GlobalSection(ProjectConfigurationPlatforms) = postSolution
		{1B373E93-67B2-4045-8F5A-94C1C738EA2C}.Debug|Any CPU.ActiveCfg = Debug|Any CPU
		{1B373E93-67B2-4045-8F5A-94C1C738EA2C}.Debug|Any CPU.Build.0 = Debug|Any CPU
		{1B373E93-67B2-4045-8F5A-94C1C738EA2C}.Debug|Mixed Platforms.ActiveCfg = Debug|Any CPU
		{1B373E93-67B2-4045-8F5A-94C1C738EA2C}.Debug|Mixed Platforms.Build.0 = Debug|Any CPU
		{1B373E93-67B2-4045-8F5A-94C1C738EA2C}.Debug|Win32.ActiveCfg = Debug|Any CPU
		{1B373E93-67B2-4045-8F5A-94C1C738EA2C}.Debug|x86.ActiveCfg = Debug|Any CPU
		{1B373E93-67B2-4045-8F5A-94C1C738EA2C}.DebugNoHost|Any CPU.ActiveCfg = DebugNoHost|Any CPU
		{1B373E93-67B2-4045-8F5A-94C1C738EA2C}.DebugNoHost|Any CPU.Build.0 = DebugNoHost|Any CPU
		{1B373E93-67B2-4045-8F5A-94C1C738EA2C}.DebugNoHost|Mixed Platforms.ActiveCfg = DebugNoHost|Any CPU
		{1B373E93-67B2-4045-8F5A-94C1C738EA2C}.DebugNoHost|Mixed Platforms.Build.0 = DebugNoHost|Any CPU
		{1B373E93-67B2-4045-8F5A-94C1C738EA2C}.DebugNoHost|Win32.ActiveCfg = DebugNoHost|Any CPU
		{1B373E93-67B2-4045-8F5A-94C1C738EA2C}.DebugNoHost|x86.ActiveCfg = DebugNoHost|Any CPU
		{1B373E93-67B2-4045-8F5A-94C1C738EA2C}.Release|Any CPU.ActiveCfg = Release|Any CPU
		{1B373E93-67B2-4045-8F5A-94C1C738EA2C}.Release|Any CPU.Build.0 = Release|Any CPU
		{1B373E93-67B2-4045-8F5A-94C1C738EA2C}.Release|Mixed Platforms.ActiveCfg = Release|Any CPU
		{1B373E93-67B2-4045-8F5A-94C1C738EA2C}.Release|Mixed Platforms.Build.0 = Release|Any CPU
		{1B373E93-67B2-4045-8F5A-94C1C738EA2C}.Release|Win32.ActiveCfg = Release|Any CPU
		{1B373E93-67B2-4045-8F5A-94C1C738EA2C}.Release|x86.ActiveCfg = Release|Any CPU
		{B92A5514-3A0E-48DC-A9B6-51AC0DEB650E}.Debug|Any CPU.ActiveCfg = Debug|Any CPU
		{B92A5514-3A0E-48DC-A9B6-51AC0DEB650E}.Debug|Any CPU.Build.0 = Debug|Any CPU
		{B92A5514-3A0E-48DC-A9B6-51AC0DEB650E}.Debug|Mixed Platforms.ActiveCfg = Debug|Any CPU
		{B92A5514-3A0E-48DC-A9B6-51AC0DEB650E}.Debug|Mixed Platforms.Build.0 = Debug|Any CPU
		{B92A5514-3A0E-48DC-A9B6-51AC0DEB650E}.Debug|Win32.ActiveCfg = Debug|Any CPU
		{B92A5514-3A0E-48DC-A9B6-51AC0DEB650E}.Debug|x86.ActiveCfg = Debug|Any CPU
		{B92A5514-3A0E-48DC-A9B6-51AC0DEB650E}.DebugNoHost|Any CPU.ActiveCfg = DebugNoHost|Any CPU
		{B92A5514-3A0E-48DC-A9B6-51AC0DEB650E}.DebugNoHost|Any CPU.Build.0 = DebugNoHost|Any CPU
		{B92A5514-3A0E-48DC-A9B6-51AC0DEB650E}.DebugNoHost|Mixed Platforms.ActiveCfg = DebugNoHost|Any CPU
		{B92A5514-3A0E-48DC-A9B6-51AC0DEB650E}.DebugNoHost|Mixed Platforms.Build.0 = DebugNoHost|Any CPU
		{B92A5514-3A0E-48DC-A9B6-51AC0DEB650E}.DebugNoHost|Win32.ActiveCfg = DebugNoHost|Any CPU
		{B92A5514-3A0E-48DC-A9B6-51AC0DEB650E}.DebugNoHost|x86.ActiveCfg = DebugNoHost|Any CPU
		{B92A5514-3A0E-48DC-A9B6-51AC0DEB650E}.Release|Any CPU.ActiveCfg = Release|Any CPU
		{B92A5514-3A0E-48DC-A9B6-51AC0DEB650E}.Release|Any CPU.Build.0 = Release|Any CPU
		{B92A5514-3A0E-48DC-A9B6-51AC0DEB650E}.Release|Mixed Platforms.ActiveCfg = Release|Any CPU
		{B92A5514-3A0E-48DC-A9B6-51AC0DEB650E}.Release|Mixed Platforms.Build.0 = Release|Any CPU
		{B92A5514-3A0E-48DC-A9B6-51AC0DEB650E}.Release|Win32.ActiveCfg = Release|Any CPU
		{B92A5514-3A0E-48DC-A9B6-51AC0DEB650E}.Release|x86.ActiveCfg = Release|Any CPU
		{2BFAD437-7AF7-4F7B-B0FD-8305F6CF3392}.Debug|Any CPU.ActiveCfg = Debug|Any CPU
		{2BFAD437-7AF7-4F7B-B0FD-8305F6CF3392}.Debug|Any CPU.Build.0 = Debug|Any CPU
		{2BFAD437-7AF7-4F7B-B0FD-8305F6CF3392}.Debug|Mixed Platforms.ActiveCfg = Debug|Any CPU
		{2BFAD437-7AF7-4F7B-B0FD-8305F6CF3392}.Debug|Mixed Platforms.Build.0 = Debug|Any CPU
		{2BFAD437-7AF7-4F7B-B0FD-8305F6CF3392}.Debug|Win32.ActiveCfg = Debug|Any CPU
		{2BFAD437-7AF7-4F7B-B0FD-8305F6CF3392}.Debug|x86.ActiveCfg = Debug|Any CPU
		{2BFAD437-7AF7-4F7B-B0FD-8305F6CF3392}.DebugNoHost|Any CPU.ActiveCfg = DebugNoHost|Any CPU
		{2BFAD437-7AF7-4F7B-B0FD-8305F6CF3392}.DebugNoHost|Any CPU.Build.0 = DebugNoHost|Any CPU
		{2BFAD437-7AF7-4F7B-B0FD-8305F6CF3392}.DebugNoHost|Mixed Platforms.ActiveCfg = DebugNoHost|Any CPU
		{2BFAD437-7AF7-4F7B-B0FD-8305F6CF3392}.DebugNoHost|Mixed Platforms.Build.0 = DebugNoHost|Any CPU
		{2BFAD437-7AF7-4F7B-B0FD-8305F6CF3392}.DebugNoHost|Win32.ActiveCfg = DebugNoHost|Any CPU
		{2BFAD437-7AF7-4F7B-B0FD-8305F6CF3392}.DebugNoHost|x86.ActiveCfg = DebugNoHost|Any CPU
		{2BFAD437-7AF7-4F7B-B0FD-8305F6CF3392}.Release|Any CPU.ActiveCfg = Release|Any CPU
		{2BFAD437-7AF7-4F7B-B0FD-8305F6CF3392}.Release|Any CPU.Build.0 = Release|Any CPU
		{2BFAD437-7AF7-4F7B-B0FD-8305F6CF3392}.Release|Mixed Platforms.ActiveCfg = Release|Any CPU
		{2BFAD437-7AF7-4F7B-B0FD-8305F6CF3392}.Release|Mixed Platforms.Build.0 = Release|Any CPU
		{2BFAD437-7AF7-4F7B-B0FD-8305F6CF3392}.Release|Win32.ActiveCfg = Release|Any CPU
		{2BFAD437-7AF7-4F7B-B0FD-8305F6CF3392}.Release|x86.ActiveCfg = Release|Any CPU
		{70183D8D-BCC0-4438-A7DF-69D2CCB7B06A}.Debug|Any CPU.ActiveCfg = Debug|x86
		{70183D8D-BCC0-4438-A7DF-69D2CCB7B06A}.Debug|Mixed Platforms.ActiveCfg = Debug|x86
		{70183D8D-BCC0-4438-A7DF-69D2CCB7B06A}.Debug|Mixed Platforms.Build.0 = Debug|x86
		{70183D8D-BCC0-4438-A7DF-69D2CCB7B06A}.Debug|Win32.ActiveCfg = Debug|x86
		{70183D8D-BCC0-4438-A7DF-69D2CCB7B06A}.Debug|x86.ActiveCfg = Debug|x86
		{70183D8D-BCC0-4438-A7DF-69D2CCB7B06A}.Debug|x86.Build.0 = Debug|x86
		{70183D8D-BCC0-4438-A7DF-69D2CCB7B06A}.DebugNoHost|Any CPU.ActiveCfg = DebugNoHost|x86
		{70183D8D-BCC0-4438-A7DF-69D2CCB7B06A}.DebugNoHost|Mixed Platforms.ActiveCfg = DebugNoHost|x86
		{70183D8D-BCC0-4438-A7DF-69D2CCB7B06A}.DebugNoHost|Mixed Platforms.Build.0 = DebugNoHost|x86
		{70183D8D-BCC0-4438-A7DF-69D2CCB7B06A}.DebugNoHost|Win32.ActiveCfg = DebugNoHost|x86
		{70183D8D-BCC0-4438-A7DF-69D2CCB7B06A}.DebugNoHost|Win32.Build.0 = DebugNoHost|x86
		{70183D8D-BCC0-4438-A7DF-69D2CCB7B06A}.DebugNoHost|x86.ActiveCfg = DebugNoHost|x86
		{70183D8D-BCC0-4438-A7DF-69D2CCB7B06A}.DebugNoHost|x86.Build.0 = DebugNoHost|x86
		{70183D8D-BCC0-4438-A7DF-69D2CCB7B06A}.Release|Any CPU.ActiveCfg = Release|x86
		{70183D8D-BCC0-4438-A7DF-69D2CCB7B06A}.Release|Mixed Platforms.ActiveCfg = Release|x86
		{70183D8D-BCC0-4438-A7DF-69D2CCB7B06A}.Release|Mixed Platforms.Build.0 = Release|x86
		{70183D8D-BCC0-4438-A7DF-69D2CCB7B06A}.Release|Win32.ActiveCfg = Release|x86
		{70183D8D-BCC0-4438-A7DF-69D2CCB7B06A}.Release|x86.ActiveCfg = Release|x86
		{70183D8D-BCC0-4438-A7DF-69D2CCB7B06A}.Release|x86.Build.0 = Release|x86
		{3EDD9282-6CEC-404B-B64C-CF24E2D0BD80}.Debug|Any CPU.ActiveCfg = Debug|Any CPU
		{3EDD9282-6CEC-404B-B64C-CF24E2D0BD80}.Debug|Any CPU.Build.0 = Debug|Any CPU
		{3EDD9282-6CEC-404B-B64C-CF24E2D0BD80}.Debug|Mixed Platforms.ActiveCfg = Debug|Any CPU
		{3EDD9282-6CEC-404B-B64C-CF24E2D0BD80}.Debug|Mixed Platforms.Build.0 = Debug|Any CPU
		{3EDD9282-6CEC-404B-B64C-CF24E2D0BD80}.Debug|Win32.ActiveCfg = Debug|Any CPU
		{3EDD9282-6CEC-404B-B64C-CF24E2D0BD80}.Debug|x86.ActiveCfg = Debug|Any CPU
		{3EDD9282-6CEC-404B-B64C-CF24E2D0BD80}.DebugNoHost|Any CPU.ActiveCfg = DebugNoHost|Any CPU
		{3EDD9282-6CEC-404B-B64C-CF24E2D0BD80}.DebugNoHost|Any CPU.Build.0 = DebugNoHost|Any CPU
		{3EDD9282-6CEC-404B-B64C-CF24E2D0BD80}.DebugNoHost|Mixed Platforms.ActiveCfg = DebugNoHost|Any CPU
		{3EDD9282-6CEC-404B-B64C-CF24E2D0BD80}.DebugNoHost|Mixed Platforms.Build.0 = DebugNoHost|Any CPU
		{3EDD9282-6CEC-404B-B64C-CF24E2D0BD80}.DebugNoHost|Win32.ActiveCfg = DebugNoHost|Any CPU
		{3EDD9282-6CEC-404B-B64C-CF24E2D0BD80}.DebugNoHost|x86.ActiveCfg = DebugNoHost|Any CPU
		{3EDD9282-6CEC-404B-B64C-CF24E2D0BD80}.Release|Any CPU.ActiveCfg = Release|Any CPU
		{3EDD9282-6CEC-404B-B64C-CF24E2D0BD80}.Release|Any CPU.Build.0 = Release|Any CPU
		{3EDD9282-6CEC-404B-B64C-CF24E2D0BD80}.Release|Mixed Platforms.ActiveCfg = Release|Any CPU
		{3EDD9282-6CEC-404B-B64C-CF24E2D0BD80}.Release|Mixed Platforms.Build.0 = Release|Any CPU
		{3EDD9282-6CEC-404B-B64C-CF24E2D0BD80}.Release|Win32.ActiveCfg = Release|Any CPU
		{3EDD9282-6CEC-404B-B64C-CF24E2D0BD80}.Release|x86.ActiveCfg = Release|Any CPU
		{810F4084-61D2-44A1-B6D9-532E649F6348}.Debug|Any CPU.ActiveCfg = Debug|Win32
		{810F4084-61D2-44A1-B6D9-532E649F6348}.Debug|Mixed Platforms.ActiveCfg = Debug|Win32
		{810F4084-61D2-44A1-B6D9-532E649F6348}.Debug|Mixed Platforms.Build.0 = Debug|Win32
		{810F4084-61D2-44A1-B6D9-532E649F6348}.Debug|Win32.ActiveCfg = Debug|Win32
		{810F4084-61D2-44A1-B6D9-532E649F6348}.Debug|Win32.Build.0 = Debug|Win32
		{810F4084-61D2-44A1-B6D9-532E649F6348}.Debug|x86.ActiveCfg = Debug|Win32
		{810F4084-61D2-44A1-B6D9-532E649F6348}.DebugNoHost|Any CPU.ActiveCfg = DebugNoHost|Win32
		{810F4084-61D2-44A1-B6D9-532E649F6348}.DebugNoHost|Mixed Platforms.ActiveCfg = DebugNoHost|Win32
		{810F4084-61D2-44A1-B6D9-532E649F6348}.DebugNoHost|Mixed Platforms.Build.0 = DebugNoHost|Win32
		{810F4084-61D2-44A1-B6D9-532E649F6348}.DebugNoHost|Win32.ActiveCfg = DebugNoHost|Win32
		{810F4084-61D2-44A1-B6D9-532E649F6348}.DebugNoHost|Win32.Build.0 = DebugNoHost|Win32
		{810F4084-61D2-44A1-B6D9-532E649F6348}.DebugNoHost|x86.ActiveCfg = DebugNoHost|Win32
		{810F4084-61D2-44A1-B6D9-532E649F6348}.DebugNoHost|x86.Build.0 = DebugNoHost|Win32
		{810F4084-61D2-44A1-B6D9-532E649F6348}.Release|Any CPU.ActiveCfg = Release|Win32
		{810F4084-61D2-44A1-B6D9-532E649F6348}.Release|Mixed Platforms.ActiveCfg = Release|Win32
		{810F4084-61D2-44A1-B6D9-532E649F6348}.Release|Mixed Platforms.Build.0 = Release|Win32
		{810F4084-61D2-44A1-B6D9-532E649F6348}.Release|Win32.ActiveCfg = Release|Win32
		{810F4084-61D2-44A1-B6D9-532E649F6348}.Release|Win32.Build.0 = Release|Win32
		{810F4084-61D2-44A1-B6D9-532E649F6348}.Release|x86.ActiveCfg = Release|Win32
		{DD7E4ADC-DE54-40FE-A1D6-0815CDA962F2}.Debug|Any CPU.ActiveCfg = Debug|Any CPU
		{DD7E4ADC-DE54-40FE-A1D6-0815CDA962F2}.Debug|Any CPU.Build.0 = Debug|Any CPU
		{DD7E4ADC-DE54-40FE-A1D6-0815CDA962F2}.Debug|Mixed Platforms.ActiveCfg = Debug|Any CPU
		{DD7E4ADC-DE54-40FE-A1D6-0815CDA962F2}.Debug|Mixed Platforms.Build.0 = Debug|Any CPU
		{DD7E4ADC-DE54-40FE-A1D6-0815CDA962F2}.Debug|Win32.ActiveCfg = Debug|Any CPU
		{DD7E4ADC-DE54-40FE-A1D6-0815CDA962F2}.Debug|x86.ActiveCfg = Debug|Any CPU
		{DD7E4ADC-DE54-40FE-A1D6-0815CDA962F2}.DebugNoHost|Any CPU.ActiveCfg = DebugNoHost|Any CPU
		{DD7E4ADC-DE54-40FE-A1D6-0815CDA962F2}.DebugNoHost|Any CPU.Build.0 = DebugNoHost|Any CPU
		{DD7E4ADC-DE54-40FE-A1D6-0815CDA962F2}.DebugNoHost|Mixed Platforms.ActiveCfg = DebugNoHost|Any CPU
		{DD7E4ADC-DE54-40FE-A1D6-0815CDA962F2}.DebugNoHost|Mixed Platforms.Build.0 = DebugNoHost|Any CPU
		{DD7E4ADC-DE54-40FE-A1D6-0815CDA962F2}.DebugNoHost|Win32.ActiveCfg = DebugNoHost|Any CPU
		{DD7E4ADC-DE54-40FE-A1D6-0815CDA962F2}.DebugNoHost|x86.ActiveCfg = DebugNoHost|Any CPU
		{DD7E4ADC-DE54-40FE-A1D6-0815CDA962F2}.Release|Any CPU.ActiveCfg = Release|Any CPU
		{DD7E4ADC-DE54-40FE-A1D6-0815CDA962F2}.Release|Any CPU.Build.0 = Release|Any CPU
		{DD7E4ADC-DE54-40FE-A1D6-0815CDA962F2}.Release|Mixed Platforms.ActiveCfg = Release|Any CPU
		{DD7E4ADC-DE54-40FE-A1D6-0815CDA962F2}.Release|Mixed Platforms.Build.0 = Release|Any CPU
		{DD7E4ADC-DE54-40FE-A1D6-0815CDA962F2}.Release|Win32.ActiveCfg = Release|Any CPU
		{DD7E4ADC-DE54-40FE-A1D6-0815CDA962F2}.Release|x86.ActiveCfg = Release|Any CPU
		{95675739-7A84-441F-9470-A6EA9224F591}.Debug|Any CPU.ActiveCfg = Debug|Any CPU
		{95675739-7A84-441F-9470-A6EA9224F591}.Debug|Any CPU.Build.0 = Debug|Any CPU
		{95675739-7A84-441F-9470-A6EA9224F591}.Debug|Mixed Platforms.ActiveCfg = Debug|Any CPU
		{95675739-7A84-441F-9470-A6EA9224F591}.Debug|Mixed Platforms.Build.0 = Debug|Any CPU
		{95675739-7A84-441F-9470-A6EA9224F591}.Debug|Win32.ActiveCfg = Debug|Any CPU
		{95675739-7A84-441F-9470-A6EA9224F591}.Debug|x86.ActiveCfg = Debug|Any CPU
		{95675739-7A84-441F-9470-A6EA9224F591}.DebugNoHost|Any CPU.ActiveCfg = DebugNoHost|Any CPU
		{95675739-7A84-441F-9470-A6EA9224F591}.DebugNoHost|Any CPU.Build.0 = DebugNoHost|Any CPU
		{95675739-7A84-441F-9470-A6EA9224F591}.DebugNoHost|Mixed Platforms.ActiveCfg = DebugNoHost|Any CPU
		{95675739-7A84-441F-9470-A6EA9224F591}.DebugNoHost|Win32.ActiveCfg = DebugNoHost|Any CPU
		{95675739-7A84-441F-9470-A6EA9224F591}.DebugNoHost|x86.ActiveCfg = DebugNoHost|Any CPU
		{95675739-7A84-441F-9470-A6EA9224F591}.Release|Any CPU.ActiveCfg = Release|Any CPU
		{95675739-7A84-441F-9470-A6EA9224F591}.Release|Any CPU.Build.0 = Release|Any CPU
		{95675739-7A84-441F-9470-A6EA9224F591}.Release|Mixed Platforms.ActiveCfg = Release|Any CPU
		{95675739-7A84-441F-9470-A6EA9224F591}.Release|Mixed Platforms.Build.0 = Release|Any CPU
		{95675739-7A84-441F-9470-A6EA9224F591}.Release|Win32.ActiveCfg = Release|Any CPU
		{95675739-7A84-441F-9470-A6EA9224F591}.Release|x86.ActiveCfg = Release|Any CPU
		{85E99D38-8223-4795-87D2-BE2139993218}.Debug|Any CPU.ActiveCfg = Debug|Any CPU
		{85E99D38-8223-4795-87D2-BE2139993218}.Debug|Any CPU.Build.0 = Debug|Any CPU
		{85E99D38-8223-4795-87D2-BE2139993218}.Debug|Mixed Platforms.ActiveCfg = Debug|Any CPU
		{85E99D38-8223-4795-87D2-BE2139993218}.Debug|Mixed Platforms.Build.0 = Debug|Any CPU
		{85E99D38-8223-4795-87D2-BE2139993218}.Debug|Win32.ActiveCfg = Debug|Any CPU
		{85E99D38-8223-4795-87D2-BE2139993218}.Debug|x86.ActiveCfg = Debug|Any CPU
		{85E99D38-8223-4795-87D2-BE2139993218}.DebugNoHost|Any CPU.ActiveCfg = DebugNoHost|Any CPU
		{85E99D38-8223-4795-87D2-BE2139993218}.DebugNoHost|Any CPU.Build.0 = DebugNoHost|Any CPU
		{85E99D38-8223-4795-87D2-BE2139993218}.DebugNoHost|Mixed Platforms.ActiveCfg = DebugNoHost|Any CPU
		{85E99D38-8223-4795-87D2-BE2139993218}.DebugNoHost|Mixed Platforms.Build.0 = DebugNoHost|Any CPU
		{85E99D38-8223-4795-87D2-BE2139993218}.DebugNoHost|Win32.ActiveCfg = DebugNoHost|Any CPU
		{85E99D38-8223-4795-87D2-BE2139993218}.DebugNoHost|x86.ActiveCfg = DebugNoHost|Any CPU
		{85E99D38-8223-4795-87D2-BE2139993218}.Release|Any CPU.ActiveCfg = Release|Any CPU
		{85E99D38-8223-4795-87D2-BE2139993218}.Release|Any CPU.Build.0 = Release|Any CPU
		{85E99D38-8223-4795-87D2-BE2139993218}.Release|Mixed Platforms.ActiveCfg = Release|Any CPU
		{85E99D38-8223-4795-87D2-BE2139993218}.Release|Mixed Platforms.Build.0 = Release|Any CPU
		{85E99D38-8223-4795-87D2-BE2139993218}.Release|Win32.ActiveCfg = Release|Any CPU
		{85E99D38-8223-4795-87D2-BE2139993218}.Release|x86.ActiveCfg = Release|Any CPU
		{B21ED7A0-0FF0-42FB-9ECB-3C1FAFA1E3D5}.Debug|Any CPU.ActiveCfg = Debug|Any CPU
		{B21ED7A0-0FF0-42FB-9ECB-3C1FAFA1E3D5}.Debug|Any CPU.Build.0 = Debug|Any CPU
		{B21ED7A0-0FF0-42FB-9ECB-3C1FAFA1E3D5}.Debug|Mixed Platforms.ActiveCfg = Debug|Any CPU
		{B21ED7A0-0FF0-42FB-9ECB-3C1FAFA1E3D5}.Debug|Mixed Platforms.Build.0 = Debug|Any CPU
		{B21ED7A0-0FF0-42FB-9ECB-3C1FAFA1E3D5}.Debug|Win32.ActiveCfg = Debug|Any CPU
		{B21ED7A0-0FF0-42FB-9ECB-3C1FAFA1E3D5}.Debug|x86.ActiveCfg = Debug|Any CPU
		{B21ED7A0-0FF0-42FB-9ECB-3C1FAFA1E3D5}.DebugNoHost|Any CPU.ActiveCfg = Debug|Any CPU
		{B21ED7A0-0FF0-42FB-9ECB-3C1FAFA1E3D5}.DebugNoHost|Any CPU.Build.0 = Debug|Any CPU
		{B21ED7A0-0FF0-42FB-9ECB-3C1FAFA1E3D5}.DebugNoHost|Mixed Platforms.ActiveCfg = Debug|Any CPU
		{B21ED7A0-0FF0-42FB-9ECB-3C1FAFA1E3D5}.DebugNoHost|Mixed Platforms.Build.0 = Debug|Any CPU
		{B21ED7A0-0FF0-42FB-9ECB-3C1FAFA1E3D5}.DebugNoHost|Win32.ActiveCfg = Debug|Any CPU
		{B21ED7A0-0FF0-42FB-9ECB-3C1FAFA1E3D5}.DebugNoHost|x86.ActiveCfg = Debug|Any CPU
		{B21ED7A0-0FF0-42FB-9ECB-3C1FAFA1E3D5}.Release|Any CPU.ActiveCfg = Release|Any CPU
		{B21ED7A0-0FF0-42FB-9ECB-3C1FAFA1E3D5}.Release|Any CPU.Build.0 = Release|Any CPU
		{B21ED7A0-0FF0-42FB-9ECB-3C1FAFA1E3D5}.Release|Mixed Platforms.ActiveCfg = Release|Any CPU
		{B21ED7A0-0FF0-42FB-9ECB-3C1FAFA1E3D5}.Release|Mixed Platforms.Build.0 = Release|Any CPU
		{B21ED7A0-0FF0-42FB-9ECB-3C1FAFA1E3D5}.Release|Win32.ActiveCfg = Release|Any CPU
		{B21ED7A0-0FF0-42FB-9ECB-3C1FAFA1E3D5}.Release|x86.ActiveCfg = Release|Any CPU
		{B0FABC22-4984-47CF-93FF-8E35F25BEA70}.Debug|Any CPU.ActiveCfg = Debug|Any CPU
		{B0FABC22-4984-47CF-93FF-8E35F25BEA70}.Debug|Any CPU.Build.0 = Debug|Any CPU
		{B0FABC22-4984-47CF-93FF-8E35F25BEA70}.Debug|Mixed Platforms.ActiveCfg = Debug|Any CPU
		{B0FABC22-4984-47CF-93FF-8E35F25BEA70}.Debug|Mixed Platforms.Build.0 = Debug|Any CPU
		{B0FABC22-4984-47CF-93FF-8E35F25BEA70}.Debug|Win32.ActiveCfg = Debug|Any CPU
		{B0FABC22-4984-47CF-93FF-8E35F25BEA70}.Debug|x86.ActiveCfg = Debug|Any CPU
		{B0FABC22-4984-47CF-93FF-8E35F25BEA70}.DebugNoHost|Any CPU.ActiveCfg = Debug|Any CPU
		{B0FABC22-4984-47CF-93FF-8E35F25BEA70}.DebugNoHost|Any CPU.Build.0 = Debug|Any CPU
		{B0FABC22-4984-47CF-93FF-8E35F25BEA70}.DebugNoHost|Mixed Platforms.ActiveCfg = Debug|Any CPU
		{B0FABC22-4984-47CF-93FF-8E35F25BEA70}.DebugNoHost|Mixed Platforms.Build.0 = Debug|Any CPU
		{B0FABC22-4984-47CF-93FF-8E35F25BEA70}.DebugNoHost|Win32.ActiveCfg = Debug|Any CPU
		{B0FABC22-4984-47CF-93FF-8E35F25BEA70}.DebugNoHost|x86.ActiveCfg = Debug|Any CPU
		{B0FABC22-4984-47CF-93FF-8E35F25BEA70}.Release|Any CPU.ActiveCfg = Release|Any CPU
		{B0FABC22-4984-47CF-93FF-8E35F25BEA70}.Release|Any CPU.Build.0 = Release|Any CPU
		{B0FABC22-4984-47CF-93FF-8E35F25BEA70}.Release|Mixed Platforms.ActiveCfg = Release|Any CPU
		{B0FABC22-4984-47CF-93FF-8E35F25BEA70}.Release|Mixed Platforms.Build.0 = Release|Any CPU
		{B0FABC22-4984-47CF-93FF-8E35F25BEA70}.Release|Win32.ActiveCfg = Release|Any CPU
		{B0FABC22-4984-47CF-93FF-8E35F25BEA70}.Release|x86.ActiveCfg = Release|Any CPU
	EndGlobalSection
	GlobalSection(SolutionProperties) = preSolution
		HideSolutionNode = FALSE
	EndGlobalSection
EndGlobal
